
Microsoft Visual Studio Solution File, Format Version 12.00
# Visual Studio Version 17
VisualStudioVersion = 17.14.36908.2 d17.14
MinimumVisualStudioVersion = 10.0.40219.1
Project("{FAE04EC0-301F-11D3-BF4B-00C04F79EFBC}") = "MazeEscapeGame", "MazeEscapeGame\MazeEscapeGame.csproj", "{E256851E-46EE-4BCA-B893-332599727AFE}"
EndProject
Global
	GlobalSection(SolutionConfigurationPlatforms) = preSolution
		Debug|Any CPU = Debug|Any CPU
		Release|Any CPU = Release|Any CPU
	EndGlobalSection
	GlobalSection(ProjectConfigurationPlatforms) = postSolution
		{E256851E-46EE-4BCA-B893-332599727AFE}.Debug|Any CPU.ActiveCfg = Debug|Any CPU
		{E256851E-46EE-4BCA-B893-332599727AFE}.Debug|Any CPU.Build.0 = Debug|Any CPU
		{E256851E-46EE-4BCA-B893-332599727AFE}.Release|Any CPU.ActiveCfg = Release|Any CPU
		{E256851E-46EE-4BCA-B893-332599727AFE}.Release|Any CPU.Build.0 = Release|Any CPU
	EndGlobalSection
	GlobalSection(SolutionProperties) = preSolution
		HideSolutionNode = FALSE
	EndGlobalSection
	GlobalSection(ExtensibilityGlobals) = postSolution
		SolutionGuid = {96FA8E55-CB55-4D83-A249-A12C29FA1F70}
	EndGlobalSection
EndGlobal
